
Microsoft Visual Studio Solution File, Format Version 12.00
# Visual Studio 15
VisualStudioVersion = 15.0.27703.2000
MinimumVisualStudioVersion = 10.0.40219.1
Project("{FAE04EC0-301F-11D3-BF4B-00C04F79EFBC}") = "SkipperWebApi", "SkipperWebApi\SkipperWebApi.csproj", "{8AA6E617-41A6-4166-BAA7-E3939CF48811}"
EndProject
Project("{FAE04EC0-301F-11D3-BF4B-00C04F79EFBC}") = "Users.Service", "..\Users.Service\Users.Service.csproj", "{22E739B0-1C19-4E3E-9336-F6E4BDF3A537}"
EndProject
Project("{FAE04EC0-301F-11D3-BF4B-00C04F79EFBC}") = "Users.Domain", "Users.Domain\Users.Domain.csproj", "{93EDA6F0-EAE1-4EA3-AFAA-7EED3EAA3DD5}"
EndProject
Global
	GlobalSection(SolutionConfigurationPlatforms) = preSolution
		Debug|Any CPU = Debug|Any CPU
		Release|Any CPU = Release|Any CPU
	EndGlobalSection
	GlobalSection(ProjectConfigurationPlatforms) = postSolution
		{8AA6E617-41A6-4166-BAA7-E3939CF48811}.Debug|Any CPU.ActiveCfg = Debug|Any CPU
		{8AA6E617-41A6-4166-BAA7-E3939CF48811}.Debug|Any CPU.Build.0 = Debug|Any CPU
		{8AA6E617-41A6-4166-BAA7-E3939CF48811}.Release|Any CPU.ActiveCfg = Release|Any CPU
		{8AA6E617-41A6-4166-BAA7-E3939CF48811}.Release|Any CPU.Build.0 = Release|Any CPU
		{22E739B0-1C19-4E3E-9336-F6E4BDF3A537}.Debug|Any CPU.ActiveCfg = Debug|Any CPU
		{22E739B0-1C19-4E3E-9336-F6E4BDF3A537}.Debug|Any CPU.Build.0 = Debug|Any CPU
		{22E739B0-1C19-4E3E-9336-F6E4BDF3A537}.Release|Any CPU.ActiveCfg = Release|Any CPU
		{22E739B0-1C19-4E3E-9336-F6E4BDF3A537}.Release|Any CPU.Build.0 = Release|Any CPU
		{93EDA6F0-EAE1-4EA3-AFAA-7EED3EAA3DD5}.Debug|Any CPU.ActiveCfg = Debug|Any CPU
		{93EDA6F0-EAE1-4EA3-AFAA-7EED3EAA3DD5}.Debug|Any CPU.Build.0 = Debug|Any CPU
		{93EDA6F0-EAE1-4EA3-AFAA-7EED3EAA3DD5}.Release|Any CPU.ActiveCfg = Release|Any CPU
		{93EDA6F0-EAE1-4EA3-AFAA-7EED3EAA3DD5}.Release|Any CPU.Build.0 = Release|Any CPU
	EndGlobalSection
	GlobalSection(SolutionProperties) = preSolution
		HideSolutionNode = FALSE
	EndGlobalSection
	GlobalSection(ExtensibilityGlobals) = postSolution
		SolutionGuid = {B73BBC57-E8BA-4EB3-B449-509302004270}
	EndGlobalSection
EndGlobal
